
Microsoft Visual Studio Solution File, Format Version 12.00
# Visual Studio Version 17
VisualStudioVersion = 17.4.33110.190
MinimumVisualStudioVersion = 10.0.40219.1
Project("{8BC9CEB8-8B4A-11D0-8D11-00A0C91BC942}") = "battris-ref", "battris-ref.vcxproj", "{5FB3077D-F9DB-4F66-AC8A-86B8ED06E6BF}"
EndProject
Global
	GlobalSection(SolutionConfigurationPlatforms) = preSolution
		Debug|x64 = Debug|x64
		Debug|x86 = Debug|x86
		Release|x64 = Release|x64
		Release|x86 = Release|x86
	EndGlobalSection
	GlobalSection(ProjectConfigurationPlatforms) = postSolution
		{5FB3077D-F9DB-4F66-AC8A-86B8ED06E6BF}.Debug|x64.ActiveCfg = Debug|x64
		{5FB3077D-F9DB-4F66-AC8A-86B8ED06E6BF}.Debug|x64.Build.0 = Debug|x64
		{5FB3077D-F9DB-4F66-AC8A-86B8ED06E6BF}.Debug|x86.ActiveCfg = Debug|Win32
		{5FB3077D-F9DB-4F66-AC8A-86B8ED06E6BF}.Debug|x86.Build.0 = Debug|Win32
		{5FB3077D-F9DB-4F66-AC8A-86B8ED06E6BF}.Release|x64.ActiveCfg = Release|x64
		{5FB3077D-F9DB-4F66-AC8A-86B8ED06E6BF}.Release|x64.Build.0 = Release|x64
		{5FB3077D-F9DB-4F66-AC8A-86B8ED06E6BF}.Release|x86.ActiveCfg = Release|Win32
		{5FB3077D-F9DB-4F66-AC8A-86B8ED06E6BF}.Release|x86.Build.0 = Release|Win32
	EndGlobalSection
	GlobalSection(SolutionProperties) = preSolution
		HideSolutionNode = FALSE
	EndGlobalSection
	GlobalSection(ExtensibilityGlobals) = postSolution
		SolutionGuid = {FA1D24FF-B855-464F-A782-5511EEFBD655}
	EndGlobalSection
EndGlobal
